// !$*UTF8*$!
{
	archiveVersion = 1;
	classes = {
	};
	objectVersion = 47;
	objects = {

/* Begin PBXBuildFile section */
		205113F51F91136400742C99 /* Assets.xcassets in Resources */ = {isa = PBXBuildFile; fileRef = 205113F41F91136400742C99 /* Assets.xcassets */; };
		205114031F91136400742C99 /* todoTests.swift in Sources */ = {isa = PBXBuildFile; fileRef = 205114021F91136400742C99 /* todoTests.swift */; };
		2051140E1F91136400742C99 /* todoUITests.swift in Sources */ = {isa = PBXBuildFile; fileRef = 2051140D1F91136400742C99 /* todoUITests.swift */; };
		205114221F91141B00742C99 /* ItemTableViewCell.swift in Sources */ = {isa = PBXBuildFile; fileRef = 2051141C1F91141A00742C99 /* ItemTableViewCell.swift */; };
		205114231F91141B00742C99 /* ItemTableViewController.swift in Sources */ = {isa = PBXBuildFile; fileRef = 2051141D1F91141B00742C99 /* ItemTableViewController.swift */; };
		205114241F91141B00742C99 /* Item.swift in Sources */ = {isa = PBXBuildFile; fileRef = 2051141E1F91141B00742C99 /* Item.swift */; };
		205114291F91147F00742C99 /* Main.storyboard in Resources */ = {isa = PBXBuildFile; fileRef = 205114271F91147F00742C99 /* Main.storyboard */; };
		2051142A1F91147F00742C99 /* LaunchScreen.xib in Resources */ = {isa = PBXBuildFile; fileRef = 205114281F91147F00742C99 /* LaunchScreen.xib */; };
		E02194181FE91EE700CBF5BC /* ViewController.swift in Sources */ = {isa = PBXBuildFile; fileRef = E02194171FE91EE700CBF5BC /* ViewController.swift */; };
		E021941A1FE91EFB00CBF5BC /* AppDelegate.swift in Sources */ = {isa = PBXBuildFile; fileRef = E02194191FE91EFB00CBF5BC /* AppDelegate.swift */; };
/* End PBXBuildFile section */

/* Begin PBXContainerItemProxy section */
		205113FF1F91136400742C99 /* PBXContainerItemProxy */ = {
			isa = PBXContainerItemProxy;
			containerPortal = 205113E21F91136400742C99 /* Project object */;
			proxyType = 1;
			remoteGlobalIDString = 205113E91F91136400742C99;
			remoteInfo = todo;
		};
		2051140A1F91136400742C99 /* PBXContainerItemProxy */ = {
			isa = PBXContainerItemProxy;
			containerPortal = 205113E21F91136400742C99 /* Project object */;
			proxyType = 1;
			remoteGlobalIDString = 205113E91F91136400742C99;
			remoteInfo = todo;
		};
/* End PBXContainerItemProxy section */

/* Begin PBXFileReference section */
		205113EA1F91136400742C99 /* todo.app */ = {isa = PBXFileReference; explicitFileType = wrapper.application; includeInIndex = 0; path = todo.app; sourceTree = BUILT_PRODUCTS_DIR; };
		205113F41F91136400742C99 /* Assets.xcassets */ = {isa = PBXFileReference; lastKnownFileType = folder.assetcatalog; path = Assets.xcassets; sourceTree = "<group>"; };
		205113F91F91136400742C99 /* Info.plist */ = {isa = PBXFileReference; lastKnownFileType = text.plist.xml; path = Info.plist; sourceTree = "<group>"; };
		205113FE1F91136400742C99 /* todoTests.xctest */ = {isa = PBXFileReference; explicitFileType = wrapper.cfbundle; includeInIndex = 0; path = todoTests.xctest; sourceTree = BUILT_PRODUCTS_DIR; };
		205114021F91136400742C99 /* todoTests.swift */ = {isa = PBXFileReference; lastKnownFileType = sourcecode.swift; path = todoTests.swift; sourceTree = "<group>"; };
		205114041F91136400742C99 /* Info.plist */ = {isa = PBXFileReference; lastKnownFileType = text.plist.xml; path = Info.plist; sourceTree = "<group>"; };
		205114091F91136400742C99 /* todoUITests.xctest */ = {isa = PBXFileReference; explicitFileType = wrapper.cfbundle; includeInIndex = 0; path = todoUITests.xctest; sourceTree = BUILT_PRODUCTS_DIR; };
		2051140D1F91136400742C99 /* todoUITests.swift */ = {isa = PBXFileReference; lastKnownFileType = sourcecode.swift; path = todoUITests.swift; sourceTree = "<group>"; };
		2051140F1F91136400742C99 /* Info.plist */ = {isa = PBXFileReference; lastKnownFileType = text.plist.xml; path = Info.plist; sourceTree = "<group>"; };
		2051141C1F91141A00742C99 /* ItemTableViewCell.swift */ = {isa = PBXFileReference; fileEncoding = 4; lastKnownFileType = sourcecode.swift; path = ItemTableViewCell.swift; sourceTree = "<group>"; };
		2051141D1F91141B00742C99 /* ItemTableViewController.swift */ = {isa = PBXFileReference; fileEncoding = 4; lastKnownFileType = sourcecode.swift; path = ItemTableViewController.swift; sourceTree = "<group>"; };
		2051141E1F91141B00742C99 /* Item.swift */ = {isa = PBXFileReference; fileEncoding = 4; lastKnownFileType = sourcecode.swift; path = Item.swift; sourceTree = "<group>"; };
		205114271F91147F00742C99 /* Main.storyboard */ = {isa = PBXFileReference; fileEncoding = 4; lastKnownFileType = file.storyboard; path = Main.storyboard; sourceTree = "<group>"; };
		205114281F91147F00742C99 /* LaunchScreen.xib */ = {isa = PBXFileReference; fileEncoding = 4; lastKnownFileType = file.xib; path = LaunchScreen.xib; sourceTree = "<group>"; };
		E02194171FE91EE700CBF5BC /* ViewController.swift */ = {isa = PBXFileReference; fileEncoding = 4; lastKnownFileType = sourcecode.swift; path = ViewController.swift; sourceTree = "<group>"; };
		E02194191FE91EFB00CBF5BC /* AppDelegate.swift */ = {isa = PBXFileReference; fileEncoding = 4; lastKnownFileType = sourcecode.swift; path = AppDelegate.swift; sourceTree = "<group>"; };
/* End PBXFileReference section */

/* Begin PBXFrameworksBuildPhase section */
		205113E71F91136400742C99 /* Frameworks */ = {
			isa = PBXFrameworksBuildPhase;
			buildActionMask = 2147483647;
			files = (
			);
			runOnlyForDeploymentPostprocessing = 0;
		};
		205113FB1F91136400742C99 /* Frameworks */ = {
			isa = PBXFrameworksBuildPhase;
			buildActionMask = 2147483647;
			files = (
			);
			runOnlyForDeploymentPostprocessing = 0;
		};
		205114061F91136400742C99 /* Frameworks */ = {
			isa = PBXFrameworksBuildPhase;
			buildActionMask = 2147483647;
			files = (
			);
			runOnlyForDeploymentPostprocessing = 0;
		};
/* End PBXFrameworksBuildPhase section */

/* Begin PBXGroup section */
		205113E11F91136400742C99 = {
			isa = PBXGroup;
			children = (
				205113EC1F91136400742C99 /* todo */,
				205114011F91136400742C99 /* todoTests */,
				2051140C1F91136400742C99 /* todoUITests */,
				205113EB1F91136400742C99 /* Products */,
			);
			sourceTree = "<group>";
		};
		205113EB1F91136400742C99 /* Products */ = {
			isa = PBXGroup;
			children = (
				205113EA1F91136400742C99 /* todo.app */,
				205113FE1F91136400742C99 /* todoTests.xctest */,
				205114091F91136400742C99 /* todoUITests.xctest */,
			);
			name = Products;
			sourceTree = "<group>";
		};
		205113EC1F91136400742C99 /* todo */ = {
			isa = PBXGroup;
			children = (
				E02194191FE91EFB00CBF5BC /* AppDelegate.swift */,
				E02194171FE91EE700CBF5BC /* ViewController.swift */,
				205114281F91147F00742C99 /* LaunchScreen.xib */,
				205114271F91147F00742C99 /* Main.storyboard */,
				2051141E1F91141B00742C99 /* Item.swift */,
				2051141C1F91141A00742C99 /* ItemTableViewCell.swift */,
				2051141D1F91141B00742C99 /* ItemTableViewController.swift */,
				205113F41F91136400742C99 /* Assets.xcassets */,
				205113F91F91136400742C99 /* Info.plist */,
			);
			path = todo;
			sourceTree = "<group>";
		};
		205114011F91136400742C99 /* todoTests */ = {
			isa = PBXGroup;
			children = (
				205114021F91136400742C99 /* todoTests.swift */,
				205114041F91136400742C99 /* Info.plist */,
			);
			path = todoTests;
			sourceTree = "<group>";
		};
		2051140C1F91136400742C99 /* todoUITests */ = {
			isa = PBXGroup;
			children = (
				2051140D1F91136400742C99 /* todoUITests.swift */,
				2051140F1F91136400742C99 /* Info.plist */,
			);
			path = todoUITests;
			sourceTree = "<group>";
		};
/* End PBXGroup section */

/* Begin PBXNativeTarget section */
		205113E91F91136400742C99 /* todo */ = {
			isa = PBXNativeTarget;
			buildConfigurationList = 205114121F91136400742C99 /* Build configuration list for PBXNativeTarget "todo" */;
			buildPhases = (
				205113E61F91136400742C99 /* Sources */,
				205113E71F91136400742C99 /* Frameworks */,
				205113E81F91136400742C99 /* Resources */,
			);
			buildRules = (
			);
			dependencies = (
			);
			name = todo;
			productName = todo;
			productReference = 205113EA1F91136400742C99 /* todo.app */;
			productType = "com.apple.product-type.application";
		};
		205113FD1F91136400742C99 /* todoTests */ = {
			isa = PBXNativeTarget;
			buildConfigurationList = 205114151F91136400742C99 /* Build configuration list for PBXNativeTarget "todoTests" */;
			buildPhases = (
				205113FA1F91136400742C99 /* Sources */,
				205113FB1F91136400742C99 /* Frameworks */,
				205113FC1F91136400742C99 /* Resources */,
			);
			buildRules = (
			);
			dependencies = (
				205114001F91136400742C99 /* PBXTargetDependency */,
			);
			name = todoTests;
			productName = todoTests;
			productReference = 205113FE1F91136400742C99 /* todoTests.xctest */;
			productType = "com.apple.product-type.bundle.unit-test";
		};
		205114081F91136400742C99 /* todoUITests */ = {
			isa = PBXNativeTarget;
			buildConfigurationList = 205114181F91136400742C99 /* Build configuration list for PBXNativeTarget "todoUITests" */;
			buildPhases = (
				205114051F91136400742C99 /* Sources */,
				205114061F91136400742C99 /* Frameworks */,
				205114071F91136400742C99 /* Resources */,
			);
			buildRules = (
			);
			dependencies = (
				2051140B1F91136400742C99 /* PBXTargetDependency */,
			);
			name = todoUITests;
			productName = todoUITests;
			productReference = 205114091F91136400742C99 /* todoUITests.xctest */;
			productType = "com.apple.product-type.bundle.ui-testing";
		};
/* End PBXNativeTarget section */

/* Begin PBXProject section */
		205113E21F91136400742C99 /* Project object */ = {
			isa = PBXProject;
			attributes = {
				LastSwiftUpdateCheck = 0900;
				LastUpgradeCheck = 0900;
				ORGANIZATIONNAME = Peter;
				TargetAttributes = {
					205113E91F91136400742C99 = {
						CreatedOnToolsVersion = 9.0;
						DevelopmentTeam = 2F58DW8C29;
						ProvisioningStyle = Automatic;
					};
					205113FD1F91136400742C99 = {
						CreatedOnToolsVersion = 9.0;
						DevelopmentTeam = 2F58DW8C29;
						ProvisioningStyle = Automatic;
						TestTargetID = 205113E91F91136400742C99;
					};
					205114081F91136400742C99 = {
						CreatedOnToolsVersion = 9.0;
						DevelopmentTeam = 2F58DW8C29;
						ProvisioningStyle = Automatic;
						TestTargetID = 205113E91F91136400742C99;
					};
				};
			};
			buildConfigurationList = 205113E51F91136400742C99 /* Build configuration list for PBXProject "todo" */;
			compatibilityVersion = "Xcode 6.3";
			developmentRegion = en;
			hasScannedForEncodings = 0;
			knownRegions = (
				en,
				Base,
			);
			mainGroup = 205113E11F91136400742C99;
			productRefGroup = 205113EB1F91136400742C99 /* Products */;
			projectDirPath = "";
			projectRoot = "";
			targets = (
				205113E91F91136400742C99 /* todo */,
				205113FD1F91136400742C99 /* todoTests */,
				205114081F91136400742C99 /* todoUITests */,
			);
		};
/* End PBXProject section */

/* Begin PBXResourcesBuildPhase section */
		205113E81F91136400742C99 /* Resources */ = {
			isa = PBXResourcesBuildPhase;
			buildActionMask = 2147483647;
			files = (
				2051142A1F91147F00742C99 /* LaunchScreen.xib in Resources */,
				205114291F91147F00742C99 /* Main.storyboard in Resources */,
				205113F51F91136400742C99 /* Assets.xcassets in Resources */,
			);
			runOnlyForDeploymentPostprocessing = 0;
		};
		205113FC1F91136400742C99 /* Resources */ = {
			isa = PBXResourcesBuildPhase;
			buildActionMask = 2147483647;
			files = (
			);
			runOnlyForDeploymentPostprocessing = 0;
		};
		205114071F91136400742C99 /* Resources */ = {
			isa = PBXResourcesBuildPhase;
			buildActionMask = 2147483647;
			files = (
			);
			runOnlyForDeploymentPostprocessing = 0;
		};
/* End PBXResourcesBuildPhase section */

/* Begin PBXSourcesBuildPhase section */
		205113E61F91136400742C99 /* Sources */ = {
			isa = PBXSourcesBuildPhase;
			buildActionMask = 2147483647;
			files = (
				205114231F91141B00742C99 /* ItemTableViewController.swift in Sources */,
				205114221F91141B00742C99 /* ItemTableViewCell.swift in Sources */,
				E02194181FE91EE700CBF5BC /* ViewController.swift in Sources */,
				E021941A1FE91EFB00CBF5BC /* AppDelegate.swift in Sources */,
				205114241F91141B00742C99 /* Item.swift in Sources */,
			);
			runOnlyForDeploymentPostprocessing = 0;
		};
		205113FA1F91136400742C99 /* Sources */ = {
			isa = PBXSourcesBuildPhase;
			buildActionMask = 2147483647;
			files = (
				205114031F91136400742C99 /* todoTests.swift in Sources */,
			);
			runOnlyForDeploymentPostprocessing = 0;
		};
		205114051F91136400742C99 /* Sources */ = {
			isa = PBXSourcesBuildPhase;
			buildActionMask = 2147483647;
			files = (
				2051140E1F91136400742C99 /* todoUITests.swift in Sources */,
			);
			runOnlyForDeploymentPostprocessing = 0;
		};
/* End PBXSourcesBuildPhase section */

/* Begin PBXTargetDependency section */
		205114001F91136400742C99 /* PBXTargetDependency */ = {
			isa = PBXTargetDependency;
			target = 205113E91F91136400742C99 /* todo */;
			targetProxy = 205113FF1F91136400742C99 /* PBXContainerItemProxy */;
		};
		2051140B1F91136400742C99 /* PBXTargetDependency */ = {
			isa = PBXTargetDependency;
			target = 205113E91F91136400742C99 /* todo */;
			targetProxy = 2051140A1F91136400742C99 /* PBXContainerItemProxy */;
		};
/* End PBXTargetDependency section */

/* Begin XCBuildConfiguration section */
		205114101F91136400742C99 /* Debug */ = {
			isa = XCBuildConfiguration;
			buildSettings = {
				ALWAYS_SEARCH_USER_PATHS = NO;
				CLANG_ANALYZER_NONNULL = YES;
				CLANG_ANALYZER_NUMBER_OBJECT_CONVERSION = YES_AGGRESSIVE;
				CLANG_CXX_LANGUAGE_STANDARD = "gnu++14";
				CLANG_CXX_LIBRARY = "libc++";
				CLANG_ENABLE_MODULES = YES;
				CLANG_ENABLE_OBJC_ARC = YES;
				CLANG_WARN_BLOCK_CAPTURE_AUTORELEASING = YES;
				CLANG_WARN_BOOL_CONVERSION = YES;
				CLANG_WARN_COMMA = YES;
				CLANG_WARN_CONSTANT_CONVERSION = YES;
				CLANG_WARN_DIRECT_OBJC_ISA_USAGE = YES_ERROR;
				CLANG_WARN_DOCUMENTATION_COMMENTS = YES;
				CLANG_WARN_EMPTY_BODY = YES;
				CLANG_WARN_ENUM_CONVERSION = YES;
				CLANG_WARN_INFINITE_RECURSION = YES;
				CLANG_WARN_INT_CONVERSION = YES;
				CLANG_WARN_NON_LITERAL_NULL_CONVERSION = YES;
				CLANG_WARN_OBJC_LITERAL_CONVERSION = YES;
				CLANG_WARN_OBJC_ROOT_CLASS = YES_ERROR;
				CLANG_WARN_RANGE_LOOP_ANALYSIS = YES;
				CLANG_WARN_STRICT_PROTOTYPES = YES;
				CLANG_WARN_SUSPICIOUS_MOVE = YES;
				CLANG_WARN_UNGUARDED_AVAILABILITY = YES_AGGRESSIVE;
				CLANG_WARN_UNREACHABLE_CODE = YES;
				CLANG_WARN__DUPLICATE_METHOD_MATCH = YES;
				CODE_SIGN_IDENTITY = "iPhone Developer";
				COPY_PHASE_STRIP = NO;
				DEBUG_INFORMATION_FORMAT = dwarf;
				ENABLE_STRICT_OBJC_MSGSEND = YES;
				ENABLE_TESTABILITY = YES;
				GCC_C_LANGUAGE_STANDARD = gnu11;
				GCC_DYNAMIC_NO_PIC = NO;
				GCC_NO_COMMON_BLOCKS = YES;
				GCC_OPTIMIZATION_LEVEL = 0;
				GCC_PREPROCESSOR_DEFINITIONS = (
					"DEBUG=1",
					"$(inherited)",
				);
				GCC_WARN_64_TO_32_BIT_CONVERSION = YES;
				GCC_WARN_ABOUT_RETURN_TYPE = YES_ERROR;
				GCC_WARN_UNDECLARED_SELECTOR = YES;
				GCC_WARN_UNINITIALIZED_AUTOS = YES_AGGRESSIVE;
				GCC_WARN_UNUSED_FUNCTION = YES;
				GCC_WARN_UNUSED_VARIABLE = YES;
				IPHONEOS_DEPLOYMENT_TARGET = 11.0;
				MTL_ENABLE_DEBUG_INFO = YES;
				ONLY_ACTIVE_ARCH = YES;
				SDKROOT = iphoneos;
				SWIFT_ACTIVE_COMPILATION_CONDITIONS = DEBUG;
				SWIFT_OPTIMIZATION_LEVEL = "-Onone";
			};
			name = Debug;
		};
		205114111F91136400742C99 /* Release */ = {
			isa = XCBuildConfiguration;
			buildSettings = {
				ALWAYS_SEARCH_USER_PATHS = NO;
				CLANG_ANALYZER_NONNULL = YES;
				CLANG_ANALYZER_NUMBER_OBJECT_CONVERSION = YES_AGGRESSIVE;
				CLANG_CXX_LANGUAGE_STANDARD = "gnu++14";
				CLANG_CXX_LIBRARY = "libc++";
				CLANG_ENABLE_MODULES = YES;
				CLANG_ENABLE_OBJC_ARC = YES;
				CLANG_WARN_BLOCK_CAPTURE_AUTORELEASING = YES;
				CLANG_WARN_BOOL_CONVERSION = YES;
				CLANG_WARN_COMMA = YES;
				CLANG_WARN_CONSTANT_CONVERSION = YES;
				CLANG_WARN_DIRECT_OBJC_ISA_USAGE = YES_ERROR;
				CLANG_WARN_DOCUMENTATION_COMMENTS = YES;
				CLANG_WARN_EMPTY_BODY = YES;
				CLANG_WARN_ENUM_CONVERSION = YES;
				CLANG_WARN_INFINITE_RECURSION = YES;
				CLANG_WARN_INT_CONVERSION = YES;
				CLANG_WARN_NON_LITERAL_NULL_CONVERSION = YES;
				CLANG_WARN_OBJC_LITERAL_CONVERSION = YES;
				CLANG_WARN_OBJC_ROOT_CLASS = YES_ERROR;
				CLANG_WARN_RANGE_LOOP_ANALYSIS = YES;
				CLANG_WARN_STRICT_PROTOTYPES = YES;
				CLANG_WARN_SUSPICIOUS_MOVE = YES;
				CLANG_WARN_UNGUARDED_AVAILABILITY = YES_AGGRESSIVE;
				CLANG_WARN_UNREACHABLE_CODE = YES;
				CLANG_WARN__DUPLICATE_METHOD_MATCH = YES;
				CODE_SIGN_IDENTITY = "iPhone Developer";
				COPY_PHASE_STRIP = NO;
				DEBUG_INFORMATION_FORMAT = "dwarf-with-dsym";
				ENABLE_NS_ASSERTIONS = NO;
				ENABLE_STRICT_OBJC_MSGSEND = YES;
				GCC_C_LANGUAGE_STANDARD = gnu11;
				GCC_NO_COMMON_BLOCKS = YES;
				GCC_WARN_64_TO_32_BIT_CONVERSION = YES;
				GCC_WARN_ABOUT_RETURN_TYPE = YES_ERROR;
				GCC_WARN_UNDECLARED_SELECTOR = YES;
				GCC_WARN_UNINITIALIZED_AUTOS = YES_AGGRESSIVE;
				GCC_WARN_UNUSED_FUNCTION = YES;
				GCC_WARN_UNUSED_VARIABLE = YES;
				IPHONEOS_DEPLOYMENT_TARGET = 11.0;
				MTL_ENABLE_DEBUG_INFO = NO;
				SDKROOT = iphoneos;
				SWIFT_OPTIMIZATION_LEVEL = "-Owholemodule";
				VALIDATE_PRODUCT = YES;
			};
			name = Release;
		};
		205114131F91136400742C99 /* Debug */ = {
			isa = XCBuildConfiguration;
			buildSettings = {
				ASSETCATALOG_COMPILER_APPICON_NAME = AppIcon;
				CODE_SIGN_STYLE = Automatic;
				DEVELOPMENT_TEAM = 2F58DW8C29;
				INFOPLIST_FILE = todo/Info.plist;
				IPHONEOS_DEPLOYMENT_TARGET = 10.3;
				LD_RUNPATH_SEARCH_PATHS = "$(inherited) @executable_path/Frameworks";
				PRODUCT_BUNDLE_IDENTIFIER = "-23.todo";
				PRODUCT_NAME = "$(TARGET_NAME)";
				SWIFT_VERSION = 4.0;
				TARGETED_DEVICE_FAMILY = "1,2";
			};
			name = Debug;
		};
		205114141F91136400742C99 /* Release */ = {
			isa = XCBuildConfiguration;
			buildSettings = {
				ASSETCATALOG_COMPILER_APPICON_NAME = AppIcon;
				CODE_SIGN_STYLE = Automatic;
				DEVELOPMENT_TEAM = 2F58DW8C29;
				INFOPLIST_FILE = todo/Info.plist;
				IPHONEOS_DEPLOYMENT_TARGET = 10.3;
				LD_RUNPATH_SEARCH_PATHS = "$(inherited) @executable_path/Frameworks";
				PRODUCT_BUNDLE_IDENTIFIER = "-23.todo";
				PRODUCT_NAME = "$(TARGET_NAME)";
				SWIFT_VERSION = 4.0;
				TARGETED_DEVICE_FAMILY = "1,2";
			};
			name = Release;
		};
		205114161F91136400742C99 /* Debug */ = {
			isa = XCBuildConfiguration;
			buildSettings = {
				ALWAYS_EMBED_SWIFT_STANDARD_LIBRARIES = YES;
				BUNDLE_LOADER = "$(TEST_HOST)";
				CODE_SIGN_STYLE = Automatic;
				DEVELOPMENT_TEAM = 2F58DW8C29;
				INFOPLIST_FILE = todoTests/Info.plist;
				LD_RUNPATH_SEARCH_PATHS = "$(inherited) @executable_path/Frameworks @loader_path/Frameworks";
				PRODUCT_BUNDLE_IDENTIFIER = "-23.todoTests";
				PRODUCT_NAME = "$(TARGET_NAME)";
				SWIFT_VERSION = 4.0;
				TARGETED_DEVICE_FAMILY = "1,2";
				TEST_HOST = "$(BUILT_PRODUCTS_DIR)/todo.app/todo";
			};
			name = Debug;
		};
		205114171F91136400742C99 /* Release */ = {
			isa = XCBuildConfiguration;
			buildSettings = {
				ALWAYS_EMBED_SWIFT_STANDARD_LIBRARIES = YES;
				BUNDLE_LOADER = "$(TEST_HOST)";
				CODE_SIGN_STYLE = Automatic;
				DEVELOPMENT_TEAM = 2F58DW8C29;
				INFOPLIST_FILE = todoTests/Info.plist;
				LD_RUNPATH_SEARCH_PATHS = "$(inherited) @executable_path/Frameworks @loader_path/Frameworks";
				PRODUCT_BUNDLE_IDENTIFIER = "-23.todoTests";
				PRODUCT_NAME = "$(TARGET_NAME)";
				SWIFT_VERSION = 4.0;
				TARGETED_DEVICE_FAMILY = "1,2";
				TEST_HOST = "$(BUILT_PRODUCTS_DIR)/todo.app/todo";
			};
			name = Release;
		};
		205114191F91136400742C99 /* Debug */ = {
			isa = XCBuildConfiguration;
			buildSettings = {
				ALWAYS_EMBED_SWIFT_STANDARD_LIBRARIES = YES;
				CODE_SIGN_STYLE = Automatic;
				DEVELOPMENT_TEAM = 2F58DW8C29;
				INFOPLIST_FILE = todoUITests/Info.plist;
				LD_RUNPATH_SEARCH_PATHS = "$(inherited) @executable_path/Frameworks @loader_path/Frameworks";
				PRODUCT_BUNDLE_IDENTIFIER = "-23.todoUITests";
				PRODUCT_NAME = "$(TARGET_NAME)";
				SWIFT_VERSION = 4.0;
				TARGETED_DEVICE_FAMILY = "1,2";
				TEST_TARGET_NAME = todo;
			};
			name = Debug;
		};
		2051141A1F91136400742C99 /* Release */ = {
			isa = XCBuildConfiguration;
			buildSettings = {
				ALWAYS_EMBED_SWIFT_STANDARD_LIBRARIES = YES;
				CODE_SIGN_STYLE = Automatic;
				DEVELOPMENT_TEAM = 2F58DW8C29;
				INFOPLIST_FILE = todoUITests/Info.plist;
				LD_RUNPATH_SEARCH_PATHS = "$(inherited) @executable_path/Frameworks @loader_path/Frameworks";
				PRODUCT_BUNDLE_IDENTIFIER = "-23.todoUITests";
				PRODUCT_NAME = "$(TARGET_NAME)";
				SWIFT_VERSION = 4.0;
				TARGETED_DEVICE_FAMILY = "1,2";
				TEST_TARGET_NAME = todo;
			};
			name = Release;
		};
/* End XCBuildConfiguration section */

/* Begin XCConfigurationList section */
		205113E51F91136400742C99 /* Build configuration list for PBXProject "todo" */ = {
			isa = XCConfigurationList;
			buildConfigurations = (
				205114101F91136400742C99 /* Debug */,
				205114111F91136400742C99 /* Release */,
			);
			defaultConfigurationIsVisible = 0;
			defaultConfigurationName = Release;
		};
		205114121F91136400742C99 /* Build configuration list for PBXNativeTarget "todo" */ = {
			isa = XCConfigurationList;
			buildConfigurations = (
				205114131F91136400742C99 /* Debug */,
				205114141F91136400742C99 /* Release */,
			);
			defaultConfigurationIsVisible = 0;
			defaultConfigurationName = Release;
		};
		205114151F91136400742C99 /* Build configuration list for PBXNativeTarget "todoTests" */ = {
			isa = XCConfigurationList;
			buildConfigurations = (
				205114161F91136400742C99 /* Debug */,
				205114171F91136400742C99 /* Release */,
			);
			defaultConfigurationIsVisible = 0;
			defaultConfigurationName = Release;
		};
		205114181F91136400742C99 /* Build configuration list for PBXNativeTarget "todoUITests" */ = {
			isa = XCConfigurationList;
			buildConfigurations = (
				205114191F91136400742C99 /* Debug */,
				2051141A1F91136400742C99 /* Release */,
			);
			defaultConfigurationIsVisible = 0;
			defaultConfigurationName = Release;
		};
/* End XCConfigurationList section */
	};
	rootObject = 205113E21F91136400742C99 /* Project object */;
}
